
Microsoft Visual Studio Solution File, Format Version 12.00
# Visual Studio Version 16
VisualStudioVersion = 16.0.32126.315
MinimumVisualStudioVersion = 10.0.40219.1
Project("{FAE04EC0-301F-11D3-BF4B-00C04F79EFBC}") = "Project 1", "Project 1\Project 1.csproj", "{B48F09D5-0388-4256-9C00-054AED8858BD}"
EndProject
Global
	GlobalSection(SolutionConfigurationPlatforms) = preSolution
		Debug|Any CPU = Debug|Any CPU
		Release|Any CPU = Release|Any CPU
	EndGlobalSection
	GlobalSection(ProjectConfigurationPlatforms) = postSolution
		{B48F09D5-0388-4256-9C00-054AED8858BD}.Debug|Any CPU.ActiveCfg = Debug|Any CPU
		{B48F09D5-0388-4256-9C00-054AED8858BD}.Debug|Any CPU.Build.0 = Debug|Any CPU
		{B48F09D5-0388-4256-9C00-054AED8858BD}.Release|Any CPU.ActiveCfg = Release|Any CPU
		{B48F09D5-0388-4256-9C00-054AED8858BD}.Release|Any CPU.Build.0 = Release|Any CPU
	EndGlobalSection
	GlobalSection(SolutionProperties) = preSolution
		HideSolutionNode = FALSE
	EndGlobalSection
	GlobalSection(ExtensibilityGlobals) = postSolution
		SolutionGuid = {C8A6CEE9-8039-468F-90A1-097373FD7562}
	EndGlobalSection
EndGlobal
